{
    "_meta": {
        "hash": {
            "sha256": "375af106bc35fa5ab21953c3050171fdd0da60ae05f68c53b1a8d4d11e9c3ed3"
        },
        "pipfile-spec": 6,
        "requires": {
            "python_version": "3.12"
        },
        "sources": [
            {
                "name": "pypi",
                "url": "https://pypi.org/simple",
                "verify_ssl": true
            }
        ]
    },
    "default": {
        "bdfparser": {
            "hashes": [
                "sha256:62ceed3b90b1fca050fcb414e70cc5b1f4551d57b088f9e7417678563eebf135",
                "sha256:75cebd7c2f1ed5e5d0985763b255726a9538c602c7c5ca8639707aec54a58683"
            ],
            "index": "pypi",
            "markers": "python_version >= '3.5'",
            "version": "==2.2.0"
        }
    },
    "develop": {}
}
